# This file is automatically @generated by Cargo.
# It is not intended for manual editing.
version = 4

[[package]]
name = "about"
version = "0.1.0"
dependencies = [
 "vabi",
 "vbuild",
 "vrt",
 "vui",
]

[[package]]
name = "assetgen"
version = "0.1.0"
dependencies = [
 "vimage",
]

[[package]]
name = "audio"
version = "0.1.0"
dependencies = [
 "vabi",
 "vaudio",
 "vbuild",
 "vipc",
 "vproto",
 "vrt",
]

[[package]]
name = "bootinfo"
version = "0.1.0"

[[package]]
name = "compositor"
version = "0.1.0"
dependencies = [
 "vabi",
 "vbuild",
 "vgfx",
 "vipc",
 "vmath",
 "vproto",
 "vraster",
 "vrt",
]

[[package]]
name = "devmgr"
version = "0.1.0"
dependencies = [
 "initrd",
 "vabi",
 "vbuild",
 "vipc",
 "vproto",
 "vrt",
]

[[package]]
name = "editor"
version = "0.1.0"
dependencies = [
 "vabi",
 "vbuild",
 "vfiles",
 "vgfx",
 "vmath",
 "vproto",
 "vrt",
 "vtext",
 "vui",
]

[[package]]
name = "files"
version = "0.1.0"
dependencies = [
 "vabi",
 "vbuild",
 "vfiles",
 "vgfx",
 "vproto",
 "vrt",
 "vui",
]

[[package]]
name = "init"
version = "0.1.0"
dependencies = [
 "initrd",
 "vabi",
 "vbuild",
 "vipc",
 "vproto",
 "vrt",
]

[[package]]
name = "initrd"
version = "0.1.0"

[[package]]
name = "music"
version = "0.1.0"
dependencies = [
 "vabi",
 "vaudio",
 "vbuild",
 "vfiles",
 "vgfx",
 "vipc",
 "vmath",
 "vproto",
 "vrt",
 "vui",
]

[[package]]
name = "musicgen"
version = "0.1.0"
dependencies = [
 "vaudio",
 "vimage",
]

[[package]]
name = "photos"
version = "0.1.0"
dependencies = [
 "vabi",
 "vbuild",
 "vfiles",
 "vgfx",
 "vimage",
 "vmath",
 "vproto",
 "vrt",
 "vui",
]

[[package]]
name = "ps2"
version = "0.1.0"
dependencies = [
 "vabi",
 "vbuild",
 "vipc",
 "vproto",
 "vrt",
]

[[package]]
name = "racer"
version = "0.1.0"
dependencies = [
 "v3d",
 "vabi",
 "vbuild",
 "vgfx",
 "vmath",
 "vproto",
 "vrt",
 "vui",
]

[[package]]
name = "settings"
version = "0.1.0"
dependencies = [
 "vabi",
 "vbuild",
 "vfiles",
 "vgfx",
 "vmath",
 "vproto",
 "vrt",
 "vui",
]

[[package]]
name = "shell"
version = "0.1.0"
dependencies = [
 "vabi",
 "vbuild",
 "vfiles",
 "vgfx",
 "vimage",
 "vipc",
 "vmath",
 "vproto",
 "vrt",
 "vui",
]

[[package]]
name = "starfall"
version = "0.1.0"
dependencies = [
 "v3d",
 "vabi",
 "vbuild",
 "vgfx",
 "vmath",
 "vproto",
 "vrt",
]

[[package]]
name = "systest"
version = "0.1.0"
dependencies = [
 "vabi",
 "vbuild",
 "vipc",
 "vproto",
 "vrt",
]

[[package]]
name = "taskmgr"
version = "0.1.0"
dependencies = [
 "vabi",
 "vbuild",
 "vgfx",
 "vproto",
 "vrt",
 "vui",
]

[[package]]
name = "terminal"
version = "0.1.0"
dependencies = [
 "vabi",
 "vbuild",
 "vfiles",
 "vgfx",
 "vipc",
 "vproto",
 "vrt",
 "vui",
]

[[package]]
name = "v3d"
version = "0.1.0"
dependencies = [
 "vabi",
 "vbuild",
 "vgfx",
 "vmath",
 "vproto",
 "vrt",
 "vui",
]

[[package]]
name = "vabi"
version = "0.1.0"

[[package]]
name = "vaudio"
version = "0.1.0"
dependencies = [
 "vmath",
]

[[package]]
name = "vboot"
version = "0.1.0"
dependencies = [
 "bootinfo",
 "vpe",
]

[[package]]
name = "vbuild"
version = "0.1.0"

[[package]]
name = "vfiles"
version = "0.1.0"
dependencies = [
 "vabi",
 "vgfx",
 "vimage",
 "vipc",
 "vproto",
 "vrt",
]

[[package]]
name = "vfont"
version = "0.1.0"
dependencies = [
 "vraster",
]

[[package]]
name = "vfs"
version = "0.1.0"
dependencies = [
 "initrd",
 "vabi",
 "vbuild",
 "vipc",
 "vproto",
 "vrt",
]

[[package]]
name = "vgfx"
version = "0.1.0"
dependencies = [
 "vfont",
 "vmath",
 "vraster",
]

[[package]]
name = "vheap"
version = "0.1.0"

[[package]]
name = "vimage"
version = "0.1.0"

[[package]]
name = "vipc"
version = "0.1.0"
dependencies = [
 "vabi",
 "vrt",
]

[[package]]
name = "virtio-blk"
version = "0.1.0"
dependencies = [
 "vabi",
 "vbuild",
 "vipc",
 "vproto",
 "vrt",
 "vvirtio",
]

[[package]]
name = "virtio-input"
version = "0.1.0"
dependencies = [
 "vabi",
 "vbuild",
 "vipc",
 "vproto",
 "vrt",
 "vvirtio",
]

[[package]]
name = "virtio-snd"
version = "0.1.0"
dependencies = [
 "vabi",
 "vbuild",
 "vipc",
 "vproto",
 "vrt",
 "vvirtio",
]

[[package]]
name = "vkernel"
version = "0.1.0"
dependencies = [
 "bootinfo",
 "initrd",
 "vabi",
 "vpe",
]

[[package]]
name = "vmath"
version = "0.1.0"

[[package]]
name = "vpe"
version = "0.1.0"

[[package]]
name = "vproto"
version = "0.1.0"
dependencies = [
 "vabi",
 "vipc",
 "vrt",
]

[[package]]
name = "vraster"
version = "0.1.0"

[[package]]
name = "vrt"
version = "0.1.0"
dependencies = [
 "vabi",
 "vheap",
 "vpe",
]

[[package]]
name = "vtext"
version = "0.1.0"

[[package]]
name = "vui"
version = "0.1.0"
dependencies = [
 "vabi",
 "vfiles",
 "vgfx",
 "vipc",
 "vmath",
 "vproto",
 "vraster",
 "vrt",
]

[[package]]
name = "vvirtio"
version = "0.1.0"
dependencies = [
 "vabi",
 "vproto",
 "vrt",
]

[[package]]
name = "xtask"
version = "0.1.0"
dependencies = [
 "initrd",
 "vbuild",
 "vpe",
]
