# This file is automatically @generated by Cargo.
# It is not intended for manual editing.
version = 4

[[package]]
name = "bootinfo"
version = "0.1.0"

[[package]]
name = "init"
version = "0.1.0"
dependencies = [
 "initrd",
 "vabi",
 "vbuild",
 "vipc",
 "vproto",
 "vrt",
]

[[package]]
name = "initrd"
version = "0.1.0"

[[package]]
name = "systest"
version = "0.1.0"
dependencies = [
 "vabi",
 "vbuild",
 "vipc",
 "vproto",
 "vrt",
]

[[package]]
name = "vabi"
version = "0.1.0"

[[package]]
name = "vboot"
version = "0.1.0"
dependencies = [
 "bootinfo",
 "vpe",
]

[[package]]
name = "vbuild"
version = "0.1.0"

[[package]]
name = "vfont"
version = "0.1.0"
dependencies = [
 "vraster",
]

[[package]]
name = "vfs"
version = "0.1.0"
dependencies = [
 "initrd",
 "vabi",
 "vbuild",
 "vipc",
 "vproto",
 "vrt",
]

[[package]]
name = "vheap"
version = "0.1.0"

[[package]]
name = "vimage"
version = "0.1.0"

[[package]]
name = "vipc"
version = "0.1.0"
dependencies = [
 "vabi",
 "vrt",
]

[[package]]
name = "vkernel"
version = "0.1.0"
dependencies = [
 "bootinfo",
 "initrd",
 "vabi",
 "vpe",
]

[[package]]
name = "vmath"
version = "0.1.0"

[[package]]
name = "vpe"
version = "0.1.0"

[[package]]
name = "vproto"
version = "0.1.0"
dependencies = [
 "vabi",
 "vipc",
 "vrt",
]

[[package]]
name = "vraster"
version = "0.1.0"

[[package]]
name = "vrt"
version = "0.1.0"
dependencies = [
 "vabi",
 "vheap",
 "vpe",
]

[[package]]
name = "xtask"
version = "0.1.0"
dependencies = [
 "initrd",
 "vpe",
]
