# This file is automatically @generated by Cargo.
# It is not intended for manual editing.
version = 4

[[package]]
name = "bootinfo"
version = "0.1.0"

[[package]]
name = "initrd"
version = "0.1.0"

[[package]]
name = "vabi"
version = "0.1.0"

[[package]]
name = "vboot"
version = "0.1.0"
dependencies = [
 "bootinfo",
 "vpe",
]

[[package]]
name = "vkernel"
version = "0.1.0"
dependencies = [
 "bootinfo",
 "initrd",
 "vabi",
 "vpe",
]

[[package]]
name = "vpe"
version = "0.1.0"

[[package]]
name = "xtask"
version = "0.1.0"
dependencies = [
 "initrd",
 "vpe",
]
